
Microsoft Visual Studio Solution File, Format Version 12.00
# Visual Studio Version 17
VisualStudioVersion = 17.4.33110.190
MinimumVisualStudioVersion = 10.0.40219.1
Project("{FAE04EC0-301F-11D3-BF4B-00C04F79EFBC}") = "FitnessOtomasyon", "FitnessOtomasyon\FitnessOtomasyon.csproj", "{958D902C-1ECF-4A05-890A-EBD92B60F6A6}"
EndProject
Global
	GlobalSection(SolutionConfigurationPlatforms) = preSolution
		Debug|Any CPU = Debug|Any CPU
		Release|Any CPU = Release|Any CPU
	EndGlobalSection
	GlobalSection(ProjectConfigurationPlatforms) = postSolution
		{958D902C-1ECF-4A05-890A-EBD92B60F6A6}.Debug|Any CPU.ActiveCfg = Debug|Any CPU
		{958D902C-1ECF-4A05-890A-EBD92B60F6A6}.Debug|Any CPU.Build.0 = Debug|Any CPU
		{958D902C-1ECF-4A05-890A-EBD92B60F6A6}.Release|Any CPU.ActiveCfg = Release|Any CPU
		{958D902C-1ECF-4A05-890A-EBD92B60F6A6}.Release|Any CPU.Build.0 = Release|Any CPU
	EndGlobalSection
	GlobalSection(SolutionProperties) = preSolution
		HideSolutionNode = FALSE
	EndGlobalSection
	GlobalSection(ExtensibilityGlobals) = postSolution
		SolutionGuid = {E02078ED-FD35-48DE-8B2D-8A266CB4F534}
	EndGlobalSection
EndGlobal
